
Microsoft Visual Studio Solution File, Format Version 12.00
# Visual Studio 15
VisualStudioVersion = 15.0.27004.2009
MinimumVisualStudioVersion = 10.0.40219.1
Project("{2150E333-8FDC-42A3-9474-1A3956D46DE8}") = "TechCommunity.Client", "TechCommunity.Client", "{94DD4E96-900C-4A4E-81A3-0D74EDE68B78}"
	ProjectSection(SolutionItems) = preProject
		TechCommunity.Client\.editorconfig = TechCommunity.Client\.editorconfig
		TechCommunity.Client\.gitignore = TechCommunity.Client\.gitignore
		TechCommunity.Client\karma.coverage.js = TechCommunity.Client\karma.coverage.js
		TechCommunity.Client\karma.debug.js = TechCommunity.Client\karma.debug.js
		TechCommunity.Client\karma.unit.js = TechCommunity.Client\karma.unit.js
		TechCommunity.Client\package-lock.json = TechCommunity.Client\package-lock.json
		TechCommunity.Client\package.json = TechCommunity.Client\package.json
		TechCommunity.Client\README.md = TechCommunity.Client\README.md
		TechCommunity.Client\tsconfig.json = TechCommunity.Client\tsconfig.json
		TechCommunity.Client\tslint.json = TechCommunity.Client\tslint.json
		TechCommunity.Client\webpack.config.js = TechCommunity.Client\webpack.config.js
	EndProjectSection
EndProject
Project("{2150E333-8FDC-42A3-9474-1A3956D46DE8}") = "TechCommunity.Server", "TechCommunity.Server", "{B4D9C762-D774-41E3-832F-A18770021417}"
EndProject
Project("{9A19103F-16F7-4668-BE54-9A1E7A4F7556}") = "TechCommunity.Api", "TechCommunity.Server\TechCommunity.Api.csproj", "{EA87E495-6563-492F-85BC-6FAC512EE864}"
EndProject
Project("{FAE04EC0-301F-11D3-BF4B-00C04F79EFBC}") = "TechCommunity.Sso", "TechCommunity.Sso\TechCommunity.Sso.csproj", "{DFA72126-8C50-4BA2-98B0-BD3B97699D10}"
EndProject
Global
	GlobalSection(SolutionConfigurationPlatforms) = preSolution
		Debug|Any CPU = Debug|Any CPU
		Release|Any CPU = Release|Any CPU
	EndGlobalSection
	GlobalSection(ProjectConfigurationPlatforms) = postSolution
		{EA87E495-6563-492F-85BC-6FAC512EE864}.Debug|Any CPU.ActiveCfg = Debug|Any CPU
		{EA87E495-6563-492F-85BC-6FAC512EE864}.Debug|Any CPU.Build.0 = Debug|Any CPU
		{EA87E495-6563-492F-85BC-6FAC512EE864}.Release|Any CPU.ActiveCfg = Release|Any CPU
		{EA87E495-6563-492F-85BC-6FAC512EE864}.Release|Any CPU.Build.0 = Release|Any CPU
		{DFA72126-8C50-4BA2-98B0-BD3B97699D10}.Debug|Any CPU.ActiveCfg = Debug|Any CPU
		{DFA72126-8C50-4BA2-98B0-BD3B97699D10}.Debug|Any CPU.Build.0 = Debug|Any CPU
		{DFA72126-8C50-4BA2-98B0-BD3B97699D10}.Release|Any CPU.ActiveCfg = Release|Any CPU
		{DFA72126-8C50-4BA2-98B0-BD3B97699D10}.Release|Any CPU.Build.0 = Release|Any CPU
	EndGlobalSection
	GlobalSection(SolutionProperties) = preSolution
		HideSolutionNode = FALSE
	EndGlobalSection
	GlobalSection(NestedProjects) = preSolution
		{EA87E495-6563-492F-85BC-6FAC512EE864} = {B4D9C762-D774-41E3-832F-A18770021417}
		{DFA72126-8C50-4BA2-98B0-BD3B97699D10} = {B4D9C762-D774-41E3-832F-A18770021417}
	EndGlobalSection
	GlobalSection(ExtensibilityGlobals) = postSolution
		SolutionGuid = {97A56127-9A14-4957-999E-38B8B97BAC9B}
	EndGlobalSection
EndGlobal
